{
  "nodes": {
    "agenix": {
      "inputs": {
        "darwin": "darwin",
        "home-manager": "home-manager",
        "nixpkgs": [
          "nixpkgs"
        ],
        "systems": "systems"
      },
      "locked": {
        "lastModified": 1770165109,
        "narHash": "sha256-9VnK6Oqai65puVJ4WYtCTvlJeXxMzAp/69HhQuTdl/I=",
        "owner": "ryantm",
        "repo": "agenix",
        "rev": "b027ee29d959fda4b60b57566d64c98a202e0feb",
        "type": "github"
      },
      "original": {
        "owner": "ryantm",
        "repo": "agenix",
        "type": "github"
      }
    },
    "darwin": {
      "inputs": {
        "nixpkgs": [
          "agenix",
          "nixpkgs"
        ]
      },
      "locked": {
        "lastModified": 1744478979,
        "narHash": "sha256-dyN+teG9G82G+m+PX/aSAagkC+vUv0SgUw3XkPhQodQ=",
        "owner": "lnl7",
        "repo": "nix-darwin",
        "rev": "43975d782b418ebf4969e9ccba82466728c2851b",
        "type": "github"
      },
      "original": {
        "owner": "lnl7",
        "ref": "master",
        "repo": "nix-darwin",
        "type": "github"
      }
    },
    "disko": {
      "inputs": {
        "nixpkgs": [
          "nixpkgs"
        ]
      },
      "locked": {
        "lastModified": 1781152676,
        "narHash": "sha256-RxWs5ND31KzTG7wvMM+PMfUjyNpmIEr999lqNARaM5o=",
        "owner": "nix-community",
        "repo": "disko",
        "rev": "ff8702b4de27f72b4c78573dfb89ec74e36abdf1",
        "type": "github"
      },
      "original": {
        "owner": "nix-community",
        "repo": "disko",
        "type": "github"
      }
    },
    "home-manager": {
      "inputs": {
        "nixpkgs": [
          "agenix",
          "nixpkgs"
        ]
      },
      "locked": {
        "lastModified": 1745494811,
        "narHash": "sha256-YZCh2o9Ua1n9uCvrvi5pRxtuVNml8X2a03qIFfRKpFs=",
        "owner": "nix-community",
        "repo": "home-manager",
        "rev": "abfad3d2958c9e6300a883bd443512c55dfeb1be",
        "type": "github"
      },
      "original": {
        "owner": "nix-community",
        "repo": "home-manager",
        "type": "github"
      }
    },
    "home-manager_2": {
      "inputs": {
        "nixpkgs": [
          "nixpkgs"
        ]
      },
      "locked": {
        "lastModified": 1784407317,
        "narHash": "sha256-iZrxHToDJWnvt+5LGAtvuQMTy1NZYlNEKbKaVtBJNcc=",
        "owner": "nix-community",
        "repo": "home-manager",
        "rev": "39411a8e12a5526d992e65bc7e3dc9a4414d6713",
        "type": "github"
      },
      "original": {
        "owner": "nix-community",
        "repo": "home-manager",
        "type": "github"
      }
    },
    "home-manager_3": {
      "inputs": {
        "nixpkgs": [
          "zen-browser",
          "nixpkgs"
        ]
      },
      "locked": {
        "lastModified": 1783963347,
        "narHash": "sha256-r376E2XpakiXwModDHIxlvB6qLq4iFVEq730vxOO4JY=",
        "owner": "nix-community",
        "repo": "home-manager",
        "rev": "a45a7c451455a51ae740ec3bce4024b312809c29",
        "type": "github"
      },
      "original": {
        "owner": "nix-community",
        "repo": "home-manager",
        "type": "github"
      }
    },
    "kimi-code": {
      "inputs": {
        "nixpkgs": "nixpkgs"
      },
      "locked": {
        "lastModified": 1784449082,
        "narHash": "sha256-KvWxMartt4d9ygLGni+DqrvseYla+sHGWb8yrCTBHGs=",
        "owner": "MoonshotAI",
        "repo": "kimi-code",
        "rev": "a3e773f90ce66abe6db229607440c20769537c93",
        "type": "github"
      },
      "original": {
        "owner": "MoonshotAI",
        "repo": "kimi-code",
        "type": "github"
      }
    },
    "nixpkgs": {
      "locked": {
        "lastModified": 1779102034,
        "narHash": "sha256-vZJZjLo513IeI8hjzHFc6TDezUd4uCE2Eq4SNO3DNNg=",
        "owner": "NixOS",
        "repo": "nixpkgs",
        "rev": "687f05a9184cad4eaf905c48b63649e3a86f5433",
        "type": "github"
      },
      "original": {
        "owner": "NixOS",
        "ref": "nixos-25.11",
        "repo": "nixpkgs",
        "type": "github"
      }
    },
    "nixpkgs_2": {
      "locked": {
        "lastModified": 1784356753,
        "narHash": "sha256-zupdTm41be2fY8cexroEOGjopl3F2Gqs3gk7ieqaM3s=",
        "rev": "61b7c44c4073f0b827768aff0049561b5110ea5a",
        "type": "tarball",
        "url": "https://releases.nixos.org/nixos/unstable/nixos-26.11pre1036777.61b7c44c4073/nixexprs.tar.xz"
      },
      "original": {
        "id": "nixpkgs",
        "ref": "nixos-unstable",
        "type": "indirect"
      }
    },
    "nixpkgs_3": {
      "locked": {
        "lastModified": 1784356753,
        "narHash": "sha256-zupdTm41be2fY8cexroEOGjopl3F2Gqs3gk7ieqaM3s=",
        "rev": "61b7c44c4073f0b827768aff0049561b5110ea5a",
        "type": "tarball",
        "url": "https://releases.nixos.org/nixos/unstable/nixos-26.11pre1036777.61b7c44c4073/nixexprs.tar.xz"
      },
      "original": {
        "type": "tarball",
        "url": "https://channels.nixos.org/nixos-unstable/nixexprs.tar.xz"
      }
    },
    "noctalia": {
      "inputs": {
        "nixpkgs": "nixpkgs_3"
      },
      "locked": {
        "lastModified": 1784456694,
        "narHash": "sha256-WjF2/HV1swc1Fwug/8Hf4jtCCQeQqdSVIT6peWB8CGs=",
        "owner": "noctalia-dev",
        "repo": "noctalia",
        "rev": "98f0d2b4afc2b1389d8480ce64e7f30957ff3800",
        "type": "github"
      },
      "original": {
        "owner": "noctalia-dev",
        "ref": "cachix",
        "repo": "noctalia",
        "type": "github"
      }
    },
    "noctalia-greeter": {
      "inputs": {
        "nixpkgs": [
          "nixpkgs"
        ]
      },
      "locked": {
        "lastModified": 1784425372,
        "narHash": "sha256-ezvM9D0YWCxARihQI37NskeTs/dkHC7AdkXjPyK/Wek=",
        "owner": "noctalia-dev",
        "repo": "noctalia-greeter",
        "rev": "b17185cdfc73fbb80247361f351e967109bcca86",
        "type": "github"
      },
      "original": {
        "owner": "noctalia-dev",
        "repo": "noctalia-greeter",
        "type": "github"
      }
    },
    "root": {
      "inputs": {
        "agenix": "agenix",
        "disko": "disko",
        "home-manager": "home-manager_2",
        "kimi-code": "kimi-code",
        "nixpkgs": "nixpkgs_2",
        "noctalia": "noctalia",
        "noctalia-greeter": "noctalia-greeter",
        "zen-browser": "zen-browser"
      }
    },
    "systems": {
      "locked": {
        "lastModified": 1681028828,
        "narHash": "sha256-Vy1rq5AaRuLzOxct8nz4T6wlgyUR7zLU309k9mBC768=",
        "owner": "nix-systems",
        "repo": "default",
        "rev": "da67096a3b9bf56a91d16901293e51ba5b49a27e",
        "type": "github"
      },
      "original": {
        "owner": "nix-systems",
        "repo": "default",
        "type": "github"
      }
    },
    "zen-browser": {
      "inputs": {
        "home-manager": "home-manager_3",
        "nixpkgs": [
          "nixpkgs"
        ]
      },
      "locked": {
        "lastModified": 1784352415,
        "narHash": "sha256-sHuh1KQopmLPWouFBYwZ5PVWj19Y4mKAjkQeQHCT3E0=",
        "owner": "0xc000022070",
        "repo": "zen-browser-flake",
        "rev": "7202b917826e2e335d9935c3a943ae18681056b1",
        "type": "github"
      },
      "original": {
        "owner": "0xc000022070",
        "repo": "zen-browser-flake",
        "type": "github"
      }
    }
  },
  "root": "root",
  "version": 7
}
